
Microsoft Visual Studio Solution File, Format Version 12.00
# Visual Studio Version 17
VisualStudioVersion = 17.0.31903.59
MinimumVisualStudioVersion = 10.0.40219.1
Project("{FAE04EC0-301F-11D3-BF4B-00C04F79EFBC}") = "BrownianMotion", "BrownianMotion\BrownianMotion.csproj", "{9BB525B3-617D-4AD9-A016-B940D5B2C6B0}"
EndProject
Project("{2150E333-8FDC-42A3-9474-1A3956D46DE8}") = "Tests", "Tests", "{0AB3BF05-4346-4AA6-1389-037BE0695223}"
EndProject
Project("{FAE04EC0-301F-11D3-BF4B-00C04F79EFBC}") = "BrownianMotion.Tests", "Tests\BrownianMotion.Tests\BrownianMotion.Tests.csproj", "{74584382-36E5-4104-BFF7-64C816DA4813}"
EndProject
Global
	GlobalSection(SolutionConfigurationPlatforms) = preSolution
		Debug|Any CPU = Debug|Any CPU
		Release|Any CPU = Release|Any CPU
	EndGlobalSection
	GlobalSection(ProjectConfigurationPlatforms) = postSolution
		{9BB525B3-617D-4AD9-A016-B940D5B2C6B0}.Debug|Any CPU.ActiveCfg = Debug|Any CPU
		{9BB525B3-617D-4AD9-A016-B940D5B2C6B0}.Debug|Any CPU.Build.0 = Debug|Any CPU
		{9BB525B3-617D-4AD9-A016-B940D5B2C6B0}.Release|Any CPU.ActiveCfg = Release|Any CPU
		{9BB525B3-617D-4AD9-A016-B940D5B2C6B0}.Release|Any CPU.Build.0 = Release|Any CPU
		{74584382-36E5-4104-BFF7-64C816DA4813}.Debug|Any CPU.ActiveCfg = Debug|Any CPU
		{74584382-36E5-4104-BFF7-64C816DA4813}.Debug|Any CPU.Build.0 = Debug|Any CPU
		{74584382-36E5-4104-BFF7-64C816DA4813}.Release|Any CPU.ActiveCfg = Release|Any CPU
		{74584382-36E5-4104-BFF7-64C816DA4813}.Release|Any CPU.Build.0 = Release|Any CPU
	EndGlobalSection
	GlobalSection(SolutionProperties) = preSolution
		HideSolutionNode = FALSE
	EndGlobalSection
	GlobalSection(NestedProjects) = preSolution
		{74584382-36E5-4104-BFF7-64C816DA4813} = {0AB3BF05-4346-4AA6-1389-037BE0695223}
	EndGlobalSection
EndGlobal
